
Microsoft Visual Studio Solution File, Format Version 12.00
# Visual Studio Version 17
VisualStudioVersion = 17.5.002.0
MinimumVisualStudioVersion = 10.0.40219.1
Project("{9A19103F-16F7-4668-BE54-9A1E7A4F7556}") = "task09", "task09\task09.csproj", "{1BAD679D-018F-4F72-B6D9-32AA778055AA}"
EndProject
Global
	GlobalSection(SolutionConfigurationPlatforms) = preSolution
		Debug|Any CPU = Debug|Any CPU
		Release|Any CPU = Release|Any CPU
	EndGlobalSection
	GlobalSection(ProjectConfigurationPlatforms) = postSolution
		{1BAD679D-018F-4F72-B6D9-32AA778055AA}.Debug|Any CPU.ActiveCfg = Debug|Any CPU
		{1BAD679D-018F-4F72-B6D9-32AA778055AA}.Debug|Any CPU.Build.0 = Debug|Any CPU
		{1BAD679D-018F-4F72-B6D9-32AA778055AA}.Release|Any CPU.ActiveCfg = Release|Any CPU
		{1BAD679D-018F-4F72-B6D9-32AA778055AA}.Release|Any CPU.Build.0 = Release|Any CPU
	EndGlobalSection
	GlobalSection(SolutionProperties) = preSolution
		HideSolutionNode = FALSE
	EndGlobalSection
	GlobalSection(ExtensibilityGlobals) = postSolution
		SolutionGuid = {B4C860E8-64AD-4964-884D-F059D75E703F}
	EndGlobalSection
EndGlobal
